<?xml version="1.0" encoding="utf-8"?>
<Project ToolsVersion="4.0" xmlns="http://schemas.microsoft.com/developer/msbuild/2003">
  <ItemGroup>
    <Filter Include="源文件">
      <UniqueIdentifier>{4FC737F1-C7A5-4376-A066-2A32D752A2FF}</UniqueIdentifier>
      <Extensions>cpp;c;cc;cxx;c++;cppm;ixx;def;odl;idl;hpj;bat;asm;asmx</Extensions>
    </Filter>
    <Filter Include="头文件">
      <UniqueIdentifier>{93995380-89BD-4b04-88EB-625FBE52EBFB}</UniqueIdentifier>
      <Extensions>h;hh;hpp;hxx;h++;hm;inl;inc;ipp;xsd</Extensions>
    </Filter>
    <Filter Include="资源文件">
      <UniqueIdentifier>{67DA6AB6-F800-4c08-8B7A-83BB121AAD01}</UniqueIdentifier>
      <Extensions>rc;ico;cur;bmp;dlg;rc2;rct;bin;rgs;gif;jpg;jpeg;jpe;resx;tiff;tif;png;wav;mfcribbon-ms</Extensions>
    </Filter>
    <Filter Include="JSON">
      <UniqueIdentifier>{c92b44ba-446d-4fbb-944a-8149f0aa74e1}</UniqueIdentifier>
    </Filter>
    <Filter Include="LOG">
      <UniqueIdentifier>{22b254fe-9521-47dd-aff0-e9d8cda3755a}</UniqueIdentifier>
    </Filter>
  </ItemGroup>
  <ItemGroup>
    <ClCompile Include="GPPMagicGlass.cpp">
      <Filter>源文件</Filter>
    </ClCompile>
    <ClCompile Include="BackgroundWindow.cpp">
      <Filter>源文件</Filter>
    </ClCompile>
    <ClCompile Include="BaseSimplePipeThread.cpp">
      <Filter>源文件</Filter>
    </ClCompile>
    <ClCompile Include="src\lib_json\json_reader.cpp">
      <Filter>JSON</Filter>
    </ClCompile>
    <ClCompile Include="src\lib_json\json_value.cpp">
      <Filter>JSON</Filter>
    </ClCompile>
    <ClCompile Include="src\lib_json\json_writer.cpp">
      <Filter>JSON</Filter>
    </ClCompile>
    <ClCompile Include="include\LOG\Log.cpp">
      <Filter>LOG</Filter>
    </ClCompile>
    <ClCompile Include="include\LOG\SmartLogger.cpp">
      <Filter>LOG</Filter>
    </ClCompile>
    <ClCompile Include="Utils.cpp">
      <Filter>源文件</Filter>
    </ClCompile>
    <ClCompile Include="GPPMagicGlassAPI.cpp">
      <Filter>源文件</Filter>
    </ClCompile>
    <ClCompile Include="GPPMagicGlassModule.cpp">
      <Filter>源文件</Filter>
    </ClCompile>
    <ClCompile Include="RenderThread.cpp">
      <Filter>源文件</Filter>
    </ClCompile>
  </ItemGroup>
  <ItemGroup>
    <ClInclude Include="BackgroundWindow.h">
      <Filter>头文件</Filter>
    </ClInclude>
    <ClInclude Include="BaseSimplePipeThread.h">
      <Filter>头文件</Filter>
    </ClInclude>
    <ClInclude Include="Utils.h">
      <Filter>头文件</Filter>
    </ClInclude>
    <ClInclude Include="Handle.h">
      <Filter>头文件</Filter>
    </ClInclude>
    <ClInclude Include="Mutex.h">
      <Filter>头文件</Filter>
    </ClInclude>
    <ClInclude Include="GPPMagicGlassAPI.h">
      <Filter>头文件</Filter>
    </ClInclude>
    <ClInclude Include="GPPMagicGlassModule.h">
      <Filter>头文件</Filter>
    </ClInclude>
    <ClInclude Include="RenderThread.h">
      <Filter>头文件</Filter>
    </ClInclude>
    <ClInclude Include="SingletonT.h">
      <Filter>头文件</Filter>
    </ClInclude>
    <ClInclude Include="resource.h">
      <Filter>头文件</Filter>
    </ClInclude>
  </ItemGroup>
  <ItemGroup>
    <Image Include="app.ico">
      <Filter>资源文件</Filter>
    </Image>
  </ItemGroup>
  <ItemGroup>
    <ResourceCompile Include="Resource.rc">
      <Filter>资源文件</Filter>
    </ResourceCompile>
  </ItemGroup>
</Project>